// !$*UTF8*$!
{
	archiveVersion = 1;
	classes = {
	};
	objectVersion = 50;
	objects = {

/* Begin PBXBuildFile section */
		CBD901562504299D00CEC33A /* AppDelegate.swift in Sources */ = {isa = PBXBuildFile; fileRef = CBD901552504299D00CEC33A /* AppDelegate.swift */; };
		CBD901582504299D00CEC33A /* SceneDelegate.swift in Sources */ = {isa = PBXBuildFile; fileRef = CBD901572504299D00CEC33A /* SceneDelegate.swift */; };
		CBD9015A2504299D00CEC33A /* ContentView.swift in Sources */ = {isa = PBXBuildFile; fileRef = CBD901592504299D00CEC33A /* ContentView.swift */; };
		CBD9015C2504299E00CEC33A /* Assets.xcassets in Resources */ = {isa = PBXBuildFile; fileRef = CBD9015B2504299E00CEC33A /* Assets.xcassets */; };
		CBD9015F2504299E00CEC33A /* Preview Assets.xcassets in Resources */ = {isa = PBXBuildFile; fileRef = CBD9015E2504299E00CEC33A /* Preview Assets.xcassets */; };
		CBD901622504299E00CEC33A /* LaunchScreen.storyboard in Resources */ = {isa = PBXBuildFile; fileRef = CBD901602504299E00CEC33A /* LaunchScreen.storyboard */; };
/* End PBXBuildFile section */

/* Begin PBXFileReference section */
		CBD901522504299D00CEC33A /* RemindersDesign.app */ = {isa = PBXFileReference; explicitFileType = wrapper.application; includeInIndex = 0; path = RemindersDesign.app; sourceTree = BUILT_PRODUCTS_DIR; };
		CBD901552504299D00CEC33A /* AppDelegate.swift */ = {isa = PBXFileReference; lastKnownFileType = sourcecode.swift; path = AppDelegate.swift; sourceTree = "<group>"; };
		CBD901572504299D00CEC33A /* SceneDelegate.swift */ = {isa = PBXFileReference; lastKnownFileType = sourcecode.swift; path = SceneDelegate.swift; sourceTree = "<group>"; };
		CBD901592504299D00CEC33A /* ContentView.swift */ = {isa = PBXFileReference; lastKnownFileType = sourcecode.swift; path = ContentView.swift; sourceTree = "<group>"; };
		CBD9015B2504299E00CEC33A /* Assets.xcassets */ = {isa = PBXFileReference; lastKnownFileType = folder.assetcatalog; path = Assets.xcassets; sourceTree = "<group>"; };
		CBD9015E2504299E00CEC33A /* Preview Assets.xcassets */ = {isa = PBXFileReference; lastKnownFileType = folder.assetcatalog; path = "Preview Assets.xcassets"; sourceTree = "<group>"; };
		CBD901612504299E00CEC33A /* Base */ = {isa = PBXFileReference; lastKnownFileType = file.storyboard; name = Base; path = Base.lproj/LaunchScreen.storyboard; sourceTree = "<group>"; };
		CBD901632504299E00CEC33A /* Info.plist */ = {isa = PBXFileReference; lastKnownFileType = text.plist.xml; path = Info.plist; sourceTree = "<group>"; };
/* End PBXFileReference section */

/* Begin PBXFrameworksBuildPhase section */
		CBD9014F2504299D00CEC33A /* Frameworks */ = {
			isa = PBXFrameworksBuildPhase;
			buildActionMask = 2147483647;
			files = (
			);
			runOnlyForDeploymentPostprocessing = 0;
		};
/* End PBXFrameworksBuildPhase section */

/* Begin PBXGroup section */
		CBD901492504299D00CEC33A = {
			isa = PBXGroup;
			children = (
				CBD901542504299D00CEC33A /* RemindersDesign */,
				CBD901532504299D00CEC33A /* Products */,
			);
			sourceTree = "<group>";
		};
		CBD901532504299D00CEC33A /* Products */ = {
			isa = PBXGroup;
			children = (
				CBD901522504299D00CEC33A /* RemindersDesign.app */,
			);
			name = Products;
			sourceTree = "<group>";
		};
		CBD901542504299D00CEC33A /* RemindersDesign */ = {
			isa = PBXGroup;
			children = (
				CBD901552504299D00CEC33A /* AppDelegate.swift */,
				CBD901572504299D00CEC33A /* SceneDelegate.swift */,
				CBD901592504299D00CEC33A /* ContentView.swift */,
				CBD9015B2504299E00CEC33A /* Assets.xcassets */,
				CBD901602504299E00CEC33A /* LaunchScreen.storyboard */,
				CBD901632504299E00CEC33A /* Info.plist */,
				CBD9015D2504299E00CEC33A /* Preview Content */,
			);
			path = RemindersDesign;
			sourceTree = "<group>";
		};
		CBD9015D2504299E00CEC33A /* Preview Content */ = {
			isa = PBXGroup;
			children = (
				CBD9015E2504299E00CEC33A /* Preview Assets.xcassets */,
			);
			path = "Preview Content";
			sourceTree = "<group>";
		};
/* End PBXGroup section */

/* Begin PBXNativeTarget section */
		CBD901512504299D00CEC33A /* RemindersDesign */ = {
			isa = PBXNativeTarget;
			buildConfigurationList = CBD901662504299E00CEC33A /* Build configuration list for PBXNativeTarget "RemindersDesign" */;
			buildPhases = (
				CBD9014E2504299D00CEC33A /* Sources */,
				CBD9014F2504299D00CEC33A /* Frameworks */,
				CBD901502504299D00CEC33A /* Resources */,
			);
			buildRules = (
			);
			dependencies = (
			);
			name = RemindersDesign;
			productName = RemindersDesign;
			productReference = CBD901522504299D00CEC33A /* RemindersDesign.app */;
			productType = "com.apple.product-type.application";
		};
/* End PBXNativeTarget section */

/* Begin PBXProject section */
		CBD9014A2504299D00CEC33A /* Project object */ = {
			isa = PBXProject;
			attributes = {
				LastSwiftUpdateCheck = 1130;
				LastUpgradeCheck = 1130;
				ORGANIZATIONNAME = "Merouane Bellaha";
				TargetAttributes = {
					CBD901512504299D00CEC33A = {
						CreatedOnToolsVersion = 11.3;
					};
				};
			};
			buildConfigurationList = CBD9014D2504299D00CEC33A /* Build configuration list for PBXProject "RemindersDesign" */;
			compatibilityVersion = "Xcode 9.3";
			developmentRegion = en;
			hasScannedForEncodings = 0;
			knownRegions = (
				en,
				Base,
			);
			mainGroup = CBD901492504299D00CEC33A;
			productRefGroup = CBD901532504299D00CEC33A /* Products */;
			projectDirPath = "";
			projectRoot = "";
			targets = (
				CBD901512504299D00CEC33A /* RemindersDesign */,
			);
		};
/* End PBXProject section */

/* Begin PBXResourcesBuildPhase section */
		CBD901502504299D00CEC33A /* Resources */ = {
			isa = PBXResourcesBuildPhase;
			buildActionMask = 2147483647;
			files = (
				CBD901622504299E00CEC33A /* LaunchScreen.storyboard in Resources */,
				CBD9015F2504299E00CEC33A /* Preview Assets.xcassets in Resources */,
				CBD9015C2504299E00CEC33A /* Assets.xcassets in Resources */,
			);
			runOnlyForDeploymentPostprocessing = 0;
		};
/* End PBXResourcesBuildPhase section */

/* Begin PBXSourcesBuildPhase section */
		CBD9014E2504299D00CEC33A /* Sources */ = {
			isa = PBXSourcesBuildPhase;
			buildActionMask = 2147483647;
			files = (
				CBD901562504299D00CEC33A /* AppDelegate.swift in Sources */,
				CBD901582504299D00CEC33A /* SceneDelegate.swift in Sources */,
				CBD9015A2504299D00CEC33A /* ContentView.swift in Sources */,
			);
			runOnlyForDeploymentPostprocessing = 0;
		};
/* End PBXSourcesBuildPhase section */

/* Begin PBXVariantGroup section */
		CBD901602504299E00CEC33A /* LaunchScreen.storyboard */ = {
			isa = PBXVariantGroup;
			children = (
				CBD901612504299E00CEC33A /* Base */,
			);
			name = LaunchScreen.storyboard;
			sourceTree = "<group>";
		};
/* End PBXVariantGroup section */

/* Begin XCBuildConfiguration section */
		CBD901642504299E00CEC33A /* Debug */ = {
			isa = XCBuildConfiguration;
			buildSettings = {
				ALWAYS_SEARCH_USER_PATHS = NO;
				CLANG_ANALYZER_NONNULL = YES;
				CLANG_ANALYZER_NUMBER_OBJECT_CONVERSION = YES_AGGRESSIVE;
				CLANG_CXX_LANGUAGE_STANDARD = "gnu++14";
				CLANG_CXX_LIBRARY = "libc++";
				CLANG_ENABLE_MODULES = YES;
				CLANG_ENABLE_OBJC_ARC = YES;
				CLANG_ENABLE_OBJC_WEAK = YES;
				CLANG_WARN_BLOCK_CAPTURE_AUTORELEASING = YES;
				CLANG_WARN_BOOL_CONVERSION = YES;
				CLANG_WARN_COMMA = YES;
				CLANG_WARN_CONSTANT_CONVERSION = YES;
				CLANG_WARN_DEPRECATED_OBJC_IMPLEMENTATIONS = YES;
				CLANG_WARN_DIRECT_OBJC_ISA_USAGE = YES_ERROR;
				CLANG_WARN_DOCUMENTATION_COMMENTS = YES;
				CLANG_WARN_EMPTY_BODY = YES;
				CLANG_WARN_ENUM_CONVERSION = YES;
				CLANG_WARN_INFINITE_RECURSION = YES;
				CLANG_WARN_INT_CONVERSION = YES;
				CLANG_WARN_NON_LITERAL_NULL_CONVERSION = YES;
				CLANG_WARN_OBJC_IMPLICIT_RETAIN_SELF = YES;
				CLANG_WARN_OBJC_LITERAL_CONVERSION = YES;
				CLANG_WARN_OBJC_ROOT_CLASS = YES_ERROR;
				CLANG_WARN_RANGE_LOOP_ANALYSIS = YES;
				CLANG_WARN_STRICT_PROTOTYPES = YES;
				CLANG_WARN_SUSPICIOUS_MOVE = YES;
				CLANG_WARN_UNGUARDED_AVAILABILITY = YES_AGGRESSIVE;
				CLANG_WARN_UNREACHABLE_CODE = YES;
				CLANG_WARN__DUPLICATE_METHOD_MATCH = YES;
				COPY_PHASE_STRIP = NO;
				DEBUG_INFORMATION_FORMAT = dwarf;
				ENABLE_STRICT_OBJC_MSGSEND = YES;
				ENABLE_TESTABILITY = YES;
				GCC_C_LANGUAGE_STANDARD = gnu11;
				GCC_DYNAMIC_NO_PIC = NO;
				GCC_NO_COMMON_BLOCKS = YES;
				GCC_OPTIMIZATION_LEVEL = 0;
				GCC_PREPROCESSOR_DEFINITIONS = (
					"DEBUG=1",
					"$(inherited)",
				);
				GCC_WARN_64_TO_32_BIT_CONVERSION = YES;
				GCC_WARN_ABOUT_RETURN_TYPE = YES_ERROR;
				GCC_WARN_UNDECLARED_SELECTOR = YES;
				GCC_WARN_UNINITIALIZED_AUTOS = YES_AGGRESSIVE;
				GCC_WARN_UNUSED_FUNCTION = YES;
				GCC_WARN_UNUSED_VARIABLE = YES;
				IPHONEOS_DEPLOYMENT_TARGET = 13.2;
				MTL_ENABLE_DEBUG_INFO = INCLUDE_SOURCE;
				MTL_FAST_MATH = YES;
				ONLY_ACTIVE_ARCH = YES;
				SDKROOT = iphoneos;
				SWIFT_ACTIVE_COMPILATION_CONDITIONS = DEBUG;
				SWIFT_OPTIMIZATION_LEVEL = "-Onone";
			};
			name = Debug;
		};
		CBD901652504299E00CEC33A /* Release */ = {
			isa = XCBuildConfiguration;
			buildSettings = {
				ALWAYS_SEARCH_USER_PATHS = NO;
				CLANG_ANALYZER_NONNULL = YES;
				CLANG_ANALYZER_NUMBER_OBJECT_CONVERSION = YES_AGGRESSIVE;
				CLANG_CXX_LANGUAGE_STANDARD = "gnu++14";
				CLANG_CXX_LIBRARY = "libc++";
				CLANG_ENABLE_MODULES = YES;
				CLANG_ENABLE_OBJC_ARC = YES;
				CLANG_ENABLE_OBJC_WEAK = YES;
				CLANG_WARN_BLOCK_CAPTURE_AUTORELEASING = YES;
				CLANG_WARN_BOOL_CONVERSION = YES;
				CLANG_WARN_COMMA = YES;
				CLANG_WARN_CONSTANT_CONVERSION = YES;
				CLANG_WARN_DEPRECATED_OBJC_IMPLEMENTATIONS = YES;
				CLANG_WARN_DIRECT_OBJC_ISA_USAGE = YES_ERROR;
				CLANG_WARN_DOCUMENTATION_COMMENTS = YES;
				CLANG_WARN_EMPTY_BODY = YES;
				CLANG_WARN_ENUM_CONVERSION = YES;
				CLANG_WARN_INFINITE_RECURSION = YES;
				CLANG_WARN_INT_CONVERSION = YES;
				CLANG_WARN_NON_LITERAL_NULL_CONVERSION = YES;
				CLANG_WARN_OBJC_IMPLICIT_RETAIN_SELF = YES;
				CLANG_WARN_OBJC_LITERAL_CONVERSION = YES;
				CLANG_WARN_OBJC_ROOT_CLASS = YES_ERROR;
				CLANG_WARN_RANGE_LOOP_ANALYSIS = YES;
				CLANG_WARN_STRICT_PROTOTYPES = YES;
				CLANG_WARN_SUSPICIOUS_MOVE = YES;
				CLANG_WARN_UNGUARDED_AVAILABILITY = YES_AGGRESSIVE;
				CLANG_WARN_UNREACHABLE_CODE = YES;
				CLANG_WARN__DUPLICATE_METHOD_MATCH = YES;
				COPY_PHASE_STRIP = NO;
				DEBUG_INFORMATION_FORMAT = "dwarf-with-dsym";
				ENABLE_NS_ASSERTIONS = NO;
				ENABLE_STRICT_OBJC_MSGSEND = YES;
				GCC_C_LANGUAGE_STANDARD = gnu11;
				GCC_NO_COMMON_BLOCKS = YES;
				GCC_WARN_64_TO_32_BIT_CONVERSION = YES;
				GCC_WARN_ABOUT_RETURN_TYPE = YES_ERROR;
				GCC_WARN_UNDECLARED_SELECTOR = YES;
				GCC_WARN_UNINITIALIZED_AUTOS = YES_AGGRESSIVE;
				GCC_WARN_UNUSED_FUNCTION = YES;
				GCC_WARN_UNUSED_VARIABLE = YES;
				IPHONEOS_DEPLOYMENT_TARGET = 13.2;
				MTL_ENABLE_DEBUG_INFO = NO;
				MTL_FAST_MATH = YES;
				SDKROOT = iphoneos;
				SWIFT_COMPILATION_MODE = wholemodule;
				SWIFT_OPTIMIZATION_LEVEL = "-O";
				VALIDATE_PRODUCT = YES;
			};
			name = Release;
		};
		CBD901672504299E00CEC33A /* Debug */ = {
			isa = XCBuildConfiguration;
			buildSettings = {
				ASSETCATALOG_COMPILER_APPICON_NAME = AppIcon;
				CODE_SIGN_STYLE = Automatic;
				DEVELOPMENT_ASSET_PATHS = "\"RemindersDesign/Preview Content\"";
				DEVELOPMENT_TEAM = K8M973GY56;
				ENABLE_PREVIEWS = YES;
				INFOPLIST_FILE = RemindersDesign/Info.plist;
				LD_RUNPATH_SEARCH_PATHS = (
					"$(inherited)",
					"@executable_path/Frameworks",
				);
				PRODUCT_BUNDLE_IDENTIFIER = com.merouanebellaha.RemindersDesign;
				PRODUCT_NAME = "$(TARGET_NAME)";
				SWIFT_VERSION = 5.0;
				TARGETED_DEVICE_FAMILY = "1,2";
			};
			name = Debug;
		};
		CBD901682504299E00CEC33A /* Release */ = {
			isa = XCBuildConfiguration;
			buildSettings = {
				ASSETCATALOG_COMPILER_APPICON_NAME = AppIcon;
				CODE_SIGN_STYLE = Automatic;
				DEVELOPMENT_ASSET_PATHS = "\"RemindersDesign/Preview Content\"";
				DEVELOPMENT_TEAM = K8M973GY56;
				ENABLE_PREVIEWS = YES;
				INFOPLIST_FILE = RemindersDesign/Info.plist;
				LD_RUNPATH_SEARCH_PATHS = (
					"$(inherited)",
					"@executable_path/Frameworks",
				);
				PRODUCT_BUNDLE_IDENTIFIER = com.merouanebellaha.RemindersDesign;
				PRODUCT_NAME = "$(TARGET_NAME)";
				SWIFT_VERSION = 5.0;
				TARGETED_DEVICE_FAMILY = "1,2";
			};
			name = Release;
		};
/* End XCBuildConfiguration section */

/* Begin XCConfigurationList section */
		CBD9014D2504299D00CEC33A /* Build configuration list for PBXProject "RemindersDesign" */ = {
			isa = XCConfigurationList;
			buildConfigurations = (
				CBD901642504299E00CEC33A /* Debug */,
				CBD901652504299E00CEC33A /* Release */,
			);
			defaultConfigurationIsVisible = 0;
			defaultConfigurationName = Release;
		};
		CBD901662504299E00CEC33A /* Build configuration list for PBXNativeTarget "RemindersDesign" */ = {
			isa = XCConfigurationList;
			buildConfigurations = (
				CBD901672504299E00CEC33A /* Debug */,
				CBD901682504299E00CEC33A /* Release */,
			);
			defaultConfigurationIsVisible = 0;
			defaultConfigurationName = Release;
		};
/* End XCConfigurationList section */
	};
	rootObject = CBD9014A2504299D00CEC33A /* Project object */;
}
